// !$*UTF8*$!
{
	archiveVersion = 1;
	classes = {
	};
	objectVersion = 77;
	objects = {

/* Begin PBXContainerItemProxy section */
		479F04322E069F4800D8FE1A /* PBXContainerItemProxy */ = {
			isa = PBXContainerItemProxy;
			containerPortal = 479F04182E069F4400D8FE1A /* Project object */;
			proxyType = 1;
			remoteGlobalIDString = 479F041F2E069F4400D8FE1A;
			remoteInfo = MonitorEvents;
		};
		479F043C2E069F4800D8FE1A /* PBXContainerItemProxy */ = {
			isa = PBXContainerItemProxy;
			containerPortal = 479F04182E069F4400D8FE1A /* Project object */;
			proxyType = 1;
			remoteGlobalIDString = 479F041F2E069F4400D8FE1A;
			remoteInfo = MonitorEvents;
		};
/* End PBXContainerItemProxy section */

/* Begin PBXFileReference section */
		479F04202E069F4400D8FE1A /* MonitorEvents.app */ = {isa = PBXFileReference; explicitFileType = wrapper.application; includeInIndex = 0; path = MonitorEvents.app; sourceTree = BUILT_PRODUCTS_DIR; };
		479F04312E069F4800D8FE1A /* MonitorEventsTests.xctest */ = {isa = PBXFileReference; explicitFileType = wrapper.cfbundle; includeInIndex = 0; path = MonitorEventsTests.xctest; sourceTree = BUILT_PRODUCTS_DIR; };
		479F043B2E069F4800D8FE1A /* MonitorEventsUITests.xctest */ = {isa = PBXFileReference; explicitFileType = wrapper.cfbundle; includeInIndex = 0; path = MonitorEventsUITests.xctest; sourceTree = BUILT_PRODUCTS_DIR; };
/* End PBXFileReference section */

/* Begin PBXFileSystemSynchronizedRootGroup section */
		479F04222E069F4400D8FE1A /* MonitorEvents */ = {
			isa = PBXFileSystemSynchronizedRootGroup;
			path = MonitorEvents;
			sourceTree = "<group>";
		};
		479F04342E069F4800D8FE1A /* MonitorEventsTests */ = {
			isa = PBXFileSystemSynchronizedRootGroup;
			path = MonitorEventsTests;
			sourceTree = "<group>";
		};
		479F043E2E069F4800D8FE1A /* MonitorEventsUITests */ = {
			isa = PBXFileSystemSynchronizedRootGroup;
			path = MonitorEventsUITests;
			sourceTree = "<group>";
		};
/* End PBXFileSystemSynchronizedRootGroup section */

/* Begin PBXFrameworksBuildPhase section */
		479F041D2E069F4400D8FE1A /* Frameworks */ = {
			isa = PBXFrameworksBuildPhase;
			buildActionMask = 2147483647;
			files = (
			);
			runOnlyForDeploymentPostprocessing = 0;
		};
		479F042E2E069F4800D8FE1A /* Frameworks */ = {
			isa = PBXFrameworksBuildPhase;
			buildActionMask = 2147483647;
			files = (
			);
			runOnlyForDeploymentPostprocessing = 0;
		};
		479F04382E069F4800D8FE1A /* Frameworks */ = {
			isa = PBXFrameworksBuildPhase;
			buildActionMask = 2147483647;
			files = (
			);
			runOnlyForDeploymentPostprocessing = 0;
		};
/* End PBXFrameworksBuildPhase section */

/* Begin PBXGroup section */
		479F04172E069F4400D8FE1A = {
			isa = PBXGroup;
			children = (
				479F04222E069F4400D8FE1A /* MonitorEvents */,
				479F04342E069F4800D8FE1A /* MonitorEventsTests */,
				479F043E2E069F4800D8FE1A /* MonitorEventsUITests */,
				479F04212E069F4400D8FE1A /* Products */,
			);
			sourceTree = "<group>";
		};
		479F04212E069F4400D8FE1A /* Products */ = {
			isa = PBXGroup;
			children = (
				479F04202E069F4400D8FE1A /* MonitorEvents.app */,
				479F04312E069F4800D8FE1A /* MonitorEventsTests.xctest */,
				479F043B2E069F4800D8FE1A /* MonitorEventsUITests.xctest */,
			);
			name = Products;
			sourceTree = "<group>";
		};
/* End PBXGroup section */

/* Begin PBXNativeTarget section */
		479F041F2E069F4400D8FE1A /* MonitorEvents */ = {
			isa = PBXNativeTarget;
			buildConfigurationList = 479F04452E069F4800D8FE1A /* Build configuration list for PBXNativeTarget "MonitorEvents" */;
			buildPhases = (
				479F041C2E069F4400D8FE1A /* Sources */,
				479F041D2E069F4400D8FE1A /* Frameworks */,
				479F041E2E069F4400D8FE1A /* Resources */,
			);
			buildRules = (
			);
			dependencies = (
			);
			fileSystemSynchronizedGroups = (
				479F04222E069F4400D8FE1A /* MonitorEvents */,
			);
			name = MonitorEvents;
			packageProductDependencies = (
			);
			productName = MonitorEvents;
			productReference = 479F04202E069F4400D8FE1A /* MonitorEvents.app */;
			productType = "com.apple.product-type.application";
		};
		479F04302E069F4800D8FE1A /* MonitorEventsTests */ = {
			isa = PBXNativeTarget;
			buildConfigurationList = 479F04482E069F4800D8FE1A /* Build configuration list for PBXNativeTarget "MonitorEventsTests" */;
			buildPhases = (
				479F042D2E069F4800D8FE1A /* Sources */,
				479F042E2E069F4800D8FE1A /* Frameworks */,
				479F042F2E069F4800D8FE1A /* Resources */,
			);
			buildRules = (
			);
			dependencies = (
				479F04332E069F4800D8FE1A /* PBXTargetDependency */,
			);
			fileSystemSynchronizedGroups = (
				479F04342E069F4800D8FE1A /* MonitorEventsTests */,
			);
			name = MonitorEventsTests;
			packageProductDependencies = (
			);
			productName = MonitorEventsTests;
			productReference = 479F04312E069F4800D8FE1A /* MonitorEventsTests.xctest */;
			productType = "com.apple.product-type.bundle.unit-test";
		};
		479F043A2E069F4800D8FE1A /* MonitorEventsUITests */ = {
			isa = PBXNativeTarget;
			buildConfigurationList = 479F044B2E069F4800D8FE1A /* Build configuration list for PBXNativeTarget "MonitorEventsUITests" */;
			buildPhases = (
				479F04372E069F4800D8FE1A /* Sources */,
				479F04382E069F4800D8FE1A /* Frameworks */,
				479F04392E069F4800D8FE1A /* Resources */,
			);
			buildRules = (
			);
			dependencies = (
				479F043D2E069F4800D8FE1A /* PBXTargetDependency */,
			);
			fileSystemSynchronizedGroups = (
				479F043E2E069F4800D8FE1A /* MonitorEventsUITests */,
			);
			name = MonitorEventsUITests;
			packageProductDependencies = (
			);
			productName = MonitorEventsUITests;
			productReference = 479F043B2E069F4800D8FE1A /* MonitorEventsUITests.xctest */;
			productType = "com.apple.product-type.bundle.ui-testing";
		};
/* End PBXNativeTarget section */

/* Begin PBXProject section */
		479F04182E069F4400D8FE1A /* Project object */ = {
			isa = PBXProject;
			attributes = {
				BuildIndependentTargetsInParallel = 1;
				LastSwiftUpdateCheck = 1620;
				LastUpgradeCheck = 1620;
				TargetAttributes = {
					479F041F2E069F4400D8FE1A = {
						CreatedOnToolsVersion = 16.2;
					};
					479F04302E069F4800D8FE1A = {
						CreatedOnToolsVersion = 16.2;
						TestTargetID = 479F041F2E069F4400D8FE1A;
					};
					479F043A2E069F4800D8FE1A = {
						CreatedOnToolsVersion = 16.2;
						TestTargetID = 479F041F2E069F4400D8FE1A;
					};
				};
			};
			buildConfigurationList = 479F041B2E069F4400D8FE1A /* Build configuration list for PBXProject "MonitorEvents" */;
			developmentRegion = en;
			hasScannedForEncodings = 0;
			knownRegions = (
				en,
				Base,
			);
			mainGroup = 479F04172E069F4400D8FE1A;
			minimizedProjectReferenceProxies = 1;
			preferredProjectObjectVersion = 77;
			productRefGroup = 479F04212E069F4400D8FE1A /* Products */;
			projectDirPath = "";
			projectRoot = "";
			targets = (
				479F041F2E069F4400D8FE1A /* MonitorEvents */,
				479F04302E069F4800D8FE1A /* MonitorEventsTests */,
				479F043A2E069F4800D8FE1A /* MonitorEventsUITests */,
			);
		};
/* End PBXProject section */

/* Begin PBXResourcesBuildPhase section */
		479F041E2E069F4400D8FE1A /* Resources */ = {
			isa = PBXResourcesBuildPhase;
			buildActionMask = 2147483647;
			files = (
			);
			runOnlyForDeploymentPostprocessing = 0;
		};
		479F042F2E069F4800D8FE1A /* Resources */ = {
			isa = PBXResourcesBuildPhase;
			buildActionMask = 2147483647;
			files = (
			);
			runOnlyForDeploymentPostprocessing = 0;
		};
		479F04392E069F4800D8FE1A /* Resources */ = {
			isa = PBXResourcesBuildPhase;
			buildActionMask = 2147483647;
			files = (
			);
			runOnlyForDeploymentPostprocessing = 0;
		};
/* End PBXResourcesBuildPhase section */

/* Begin PBXSourcesBuildPhase section */
		479F041C2E069F4400D8FE1A /* Sources */ = {
			isa = PBXSourcesBuildPhase;
			buildActionMask = 2147483647;
			files = (
			);
			runOnlyForDeploymentPostprocessing = 0;
		};
		479F042D2E069F4800D8FE1A /* Sources */ = {
			isa = PBXSourcesBuildPhase;
			buildActionMask = 2147483647;
			files = (
			);
			runOnlyForDeploymentPostprocessing = 0;
		};
		479F04372E069F4800D8FE1A /* Sources */ = {
			isa = PBXSourcesBuildPhase;
			buildActionMask = 2147483647;
			files = (
			);
			runOnlyForDeploymentPostprocessing = 0;
		};
/* End PBXSourcesBuildPhase section */

/* Begin PBXTargetDependency section */
		479F04332E069F4800D8FE1A /* PBXTargetDependency */ = {
			isa = PBXTargetDependency;
			target = 479F041F2E069F4400D8FE1A /* MonitorEvents */;
			targetProxy = 479F04322E069F4800D8FE1A /* PBXContainerItemProxy */;
		};
		479F043D2E069F4800D8FE1A /* PBXTargetDependency */ = {
			isa = PBXTargetDependency;
			target = 479F041F2E069F4400D8FE1A /* MonitorEvents */;
			targetProxy = 479F043C2E069F4800D8FE1A /* PBXContainerItemProxy */;
		};
/* End PBXTargetDependency section */

/* Begin XCBuildConfiguration section */
		479F04432E069F4800D8FE1A /* Debug */ = {
			isa = XCBuildConfiguration;
			buildSettings = {
				ALWAYS_SEARCH_USER_PATHS = NO;
				ASSETCATALOG_COMPILER_GENERATE_SWIFT_ASSET_SYMBOL_EXTENSIONS = YES;
				CLANG_ANALYZER_NONNULL = YES;
				CLANG_ANALYZER_NUMBER_OBJECT_CONVERSION = YES_AGGRESSIVE;
				CLANG_CXX_LANGUAGE_STANDARD = "gnu++20";
				CLANG_ENABLE_MODULES = YES;
				CLANG_ENABLE_OBJC_ARC = YES;
				CLANG_ENABLE_OBJC_WEAK = YES;
				CLANG_WARN_BLOCK_CAPTURE_AUTORELEASING = YES;
				CLANG_WARN_BOOL_CONVERSION = YES;
				CLANG_WARN_COMMA = YES;
				CLANG_WARN_CONSTANT_CONVERSION = YES;
				CLANG_WARN_DEPRECATED_OBJC_IMPLEMENTATIONS = YES;
				CLANG_WARN_DIRECT_OBJC_ISA_USAGE = YES_ERROR;
				CLANG_WARN_DOCUMENTATION_COMMENTS = YES;
				CLANG_WARN_EMPTY_BODY = YES;
				CLANG_WARN_ENUM_CONVERSION = YES;
				CLANG_WARN_INFINITE_RECURSION = YES;
				CLANG_WARN_INT_CONVERSION = YES;
				CLANG_WARN_NON_LITERAL_NULL_CONVERSION = YES;
				CLANG_WARN_OBJC_IMPLICIT_RETAIN_SELF = YES;
				CLANG_WARN_OBJC_LITERAL_CONVERSION = YES;
				CLANG_WARN_OBJC_ROOT_CLASS = YES_ERROR;
				CLANG_WARN_QUOTED_INCLUDE_IN_FRAMEWORK_HEADER = YES;
				CLANG_WARN_RANGE_LOOP_ANALYSIS = YES;
				CLANG_WARN_STRICT_PROTOTYPES = YES;
				CLANG_WARN_SUSPICIOUS_MOVE = YES;
				CLANG_WARN_UNGUARDED_AVAILABILITY = YES_AGGRESSIVE;
				CLANG_WARN_UNREACHABLE_CODE = YES;
				CLANG_WARN__DUPLICATE_METHOD_MATCH = YES;
				COPY_PHASE_STRIP = NO;
				DEBUG_INFORMATION_FORMAT = dwarf;
				ENABLE_STRICT_OBJC_MSGSEND = YES;
				ENABLE_TESTABILITY = YES;
				ENABLE_USER_SCRIPT_SANDBOXING = YES;
				GCC_C_LANGUAGE_STANDARD = gnu17;
				GCC_DYNAMIC_NO_PIC = NO;
				GCC_NO_COMMON_BLOCKS = YES;
				GCC_OPTIMIZATION_LEVEL = 0;
				GCC_PREPROCESSOR_DEFINITIONS = (
					"DEBUG=1",
					"$(inherited)",
				);
				GCC_WARN_64_TO_32_BIT_CONVERSION = YES;
				GCC_WARN_ABOUT_RETURN_TYPE = YES_ERROR;
				GCC_WARN_UNDECLARED_SELECTOR = YES;
				GCC_WARN_UNINITIALIZED_AUTOS = YES_AGGRESSIVE;
				GCC_WARN_UNUSED_FUNCTION = YES;
				GCC_WARN_UNUSED_VARIABLE = YES;
				LOCALIZATION_PREFERS_STRING_CATALOGS = YES;
				MACOSX_DEPLOYMENT_TARGET = 14.7;
				MTL_ENABLE_DEBUG_INFO = INCLUDE_SOURCE;
				MTL_FAST_MATH = YES;
				ONLY_ACTIVE_ARCH = YES;
				SDKROOT = macosx;
				SWIFT_ACTIVE_COMPILATION_CONDITIONS = "DEBUG $(inherited)";
				SWIFT_OPTIMIZATION_LEVEL = "-Onone";
			};
			name = Debug;
		};
		479F04442E069F4800D8FE1A /* Release */ = {
			isa = XCBuildConfiguration;
			buildSettings = {
				ALWAYS_SEARCH_USER_PATHS = NO;
				ASSETCATALOG_COMPILER_GENERATE_SWIFT_ASSET_SYMBOL_EXTENSIONS = YES;
				CLANG_ANALYZER_NONNULL = YES;
				CLANG_ANALYZER_NUMBER_OBJECT_CONVERSION = YES_AGGRESSIVE;
				CLANG_CXX_LANGUAGE_STANDARD = "gnu++20";
				CLANG_ENABLE_MODULES = YES;
				CLANG_ENABLE_OBJC_ARC = YES;
				CLANG_ENABLE_OBJC_WEAK = YES;
				CLANG_WARN_BLOCK_CAPTURE_AUTORELEASING = YES;
				CLANG_WARN_BOOL_CONVERSION = YES;
				CLANG_WARN_COMMA = YES;
				CLANG_WARN_CONSTANT_CONVERSION = YES;
				CLANG_WARN_DEPRECATED_OBJC_IMPLEMENTATIONS = YES;
				CLANG_WARN_DIRECT_OBJC_ISA_USAGE = YES_ERROR;
				CLANG_WARN_DOCUMENTATION_COMMENTS = YES;
				CLANG_WARN_EMPTY_BODY = YES;
				CLANG_WARN_ENUM_CONVERSION = YES;
				CLANG_WARN_INFINITE_RECURSION = YES;
				CLANG_WARN_INT_CONVERSION = YES;
				CLANG_WARN_NON_LITERAL_NULL_CONVERSION = YES;
				CLANG_WARN_OBJC_IMPLICIT_RETAIN_SELF = YES;
				CLANG_WARN_OBJC_LITERAL_CONVERSION = YES;
				CLANG_WARN_OBJC_ROOT_CLASS = YES_ERROR;
				CLANG_WARN_QUOTED_INCLUDE_IN_FRAMEWORK_HEADER = YES;
				CLANG_WARN_RANGE_LOOP_ANALYSIS = YES;
				CLANG_WARN_STRICT_PROTOTYPES = YES;
				CLANG_WARN_SUSPICIOUS_MOVE = YES;
				CLANG_WARN_UNGUARDED_AVAILABILITY = YES_AGGRESSIVE;
				CLANG_WARN_UNREACHABLE_CODE = YES;
				CLANG_WARN__DUPLICATE_METHOD_MATCH = YES;
				COPY_PHASE_STRIP = NO;
				DEBUG_INFORMATION_FORMAT = "dwarf-with-dsym";
				ENABLE_NS_ASSERTIONS = NO;
				ENABLE_STRICT_OBJC_MSGSEND = YES;
				ENABLE_USER_SCRIPT_SANDBOXING = YES;
				GCC_C_LANGUAGE_STANDARD = gnu17;
				GCC_NO_COMMON_BLOCKS = YES;
				GCC_WARN_64_TO_32_BIT_CONVERSION = YES;
				GCC_WARN_ABOUT_RETURN_TYPE = YES_ERROR;
				GCC_WARN_UNDECLARED_SELECTOR = YES;
				GCC_WARN_UNINITIALIZED_AUTOS = YES_AGGRESSIVE;
				GCC_WARN_UNUSED_FUNCTION = YES;
				GCC_WARN_UNUSED_VARIABLE = YES;
				LOCALIZATION_PREFERS_STRING_CATALOGS = YES;
				MACOSX_DEPLOYMENT_TARGET = 14.7;
				MTL_ENABLE_DEBUG_INFO = NO;
				MTL_FAST_MATH = YES;
				SDKROOT = macosx;
				SWIFT_COMPILATION_MODE = wholemodule;
			};
			name = Release;
		};
		479F04462E069F4800D8FE1A /* Debug */ = {
			isa = XCBuildConfiguration;
			buildSettings = {
				ASSETCATALOG_COMPILER_APPICON_NAME = AppIcon;
				ASSETCATALOG_COMPILER_GLOBAL_ACCENT_COLOR_NAME = AccentColor;
				CODE_SIGN_ENTITLEMENTS = MonitorEvents/MonitorEvents.entitlements;
				CODE_SIGN_STYLE = Automatic;
				COMBINE_HIDPI_IMAGES = YES;
				CURRENT_PROJECT_VERSION = 1;
				DEVELOPMENT_TEAM = 52JKWH3ZS9;
				ENABLE_HARDENED_RUNTIME = YES;
				GENERATE_INFOPLIST_FILE = YES;
				INFOPLIST_KEY_NSHumanReadableCopyright = "";
				INFOPLIST_KEY_NSMainStoryboardFile = Main;
				INFOPLIST_KEY_NSPrincipalClass = NSApplication;
				LD_RUNPATH_SEARCH_PATHS = (
					"$(inherited)",
					"@executable_path/../Frameworks",
				);
				MARKETING_VERSION = 1.0;
				PRODUCT_BUNDLE_IDENTIFIER = com.arnav.MonitorEvents;
				PRODUCT_NAME = "$(TARGET_NAME)";
				SWIFT_EMIT_LOC_STRINGS = YES;
				SWIFT_VERSION = 5.0;
			};
			name = Debug;
		};
		479F04472E069F4800D8FE1A /* Release */ = {
			isa = XCBuildConfiguration;
			buildSettings = {
				ASSETCATALOG_COMPILER_APPICON_NAME = AppIcon;
				ASSETCATALOG_COMPILER_GLOBAL_ACCENT_COLOR_NAME = AccentColor;
				CODE_SIGN_ENTITLEMENTS = MonitorEvents/MonitorEvents.entitlements;
				CODE_SIGN_STYLE = Automatic;
				COMBINE_HIDPI_IMAGES = YES;
				CURRENT_PROJECT_VERSION = 1;
				DEVELOPMENT_TEAM = 52JKWH3ZS9;
				ENABLE_HARDENED_RUNTIME = YES;
				GENERATE_INFOPLIST_FILE = YES;
				INFOPLIST_KEY_NSHumanReadableCopyright = "";
				INFOPLIST_KEY_NSMainStoryboardFile = Main;
				INFOPLIST_KEY_NSPrincipalClass = NSApplication;
				LD_RUNPATH_SEARCH_PATHS = (
					"$(inherited)",
					"@executable_path/../Frameworks",
				);
				MARKETING_VERSION = 1.0;
				PRODUCT_BUNDLE_IDENTIFIER = com.arnav.MonitorEvents;
				PRODUCT_NAME = "$(TARGET_NAME)";
				SWIFT_EMIT_LOC_STRINGS = YES;
				SWIFT_VERSION = 5.0;
			};
			name = Release;
		};
		479F04492E069F4800D8FE1A /* Debug */ = {
			isa = XCBuildConfiguration;
			buildSettings = {
				BUNDLE_LOADER = "$(TEST_HOST)";
				CODE_SIGN_STYLE = Automatic;
				CURRENT_PROJECT_VERSION = 1;
				DEVELOPMENT_TEAM = 52JKWH3ZS9;
				GENERATE_INFOPLIST_FILE = YES;
				MACOSX_DEPLOYMENT_TARGET = 14.7;
				MARKETING_VERSION = 1.0;
				PRODUCT_BUNDLE_IDENTIFIER = com.arnav.MonitorEventsTests;
				PRODUCT_NAME = "$(TARGET_NAME)";
				SWIFT_EMIT_LOC_STRINGS = NO;
				SWIFT_VERSION = 5.0;
				TEST_HOST = "$(BUILT_PRODUCTS_DIR)/MonitorEvents.app/$(BUNDLE_EXECUTABLE_FOLDER_PATH)/MonitorEvents";
			};
			name = Debug;
		};
		479F044A2E069F4800D8FE1A /* Release */ = {
			isa = XCBuildConfiguration;
			buildSettings = {
				BUNDLE_LOADER = "$(TEST_HOST)";
				CODE_SIGN_STYLE = Automatic;
				CURRENT_PROJECT_VERSION = 1;
				DEVELOPMENT_TEAM = 52JKWH3ZS9;
				GENERATE_INFOPLIST_FILE = YES;
				MACOSX_DEPLOYMENT_TARGET = 14.7;
				MARKETING_VERSION = 1.0;
				PRODUCT_BUNDLE_IDENTIFIER = com.arnav.MonitorEventsTests;
				PRODUCT_NAME = "$(TARGET_NAME)";
				SWIFT_EMIT_LOC_STRINGS = NO;
				SWIFT_VERSION = 5.0;
				TEST_HOST = "$(BUILT_PRODUCTS_DIR)/MonitorEvents.app/$(BUNDLE_EXECUTABLE_FOLDER_PATH)/MonitorEvents";
			};
			name = Release;
		};
		479F044C2E069F4800D8FE1A /* Debug */ = {
			isa = XCBuildConfiguration;
			buildSettings = {
				CODE_SIGN_STYLE = Automatic;
				CURRENT_PROJECT_VERSION = 1;
				DEVELOPMENT_TEAM = 52JKWH3ZS9;
				GENERATE_INFOPLIST_FILE = YES;
				MARKETING_VERSION = 1.0;
				PRODUCT_BUNDLE_IDENTIFIER = com.arnav.MonitorEventsUITests;
				PRODUCT_NAME = "$(TARGET_NAME)";
				SWIFT_EMIT_LOC_STRINGS = NO;
				SWIFT_VERSION = 5.0;
				TEST_TARGET_NAME = MonitorEvents;
			};
			name = Debug;
		};
		479F044D2E069F4800D8FE1A /* Release */ = {
			isa = XCBuildConfiguration;
			buildSettings = {
				CODE_SIGN_STYLE = Automatic;
				CURRENT_PROJECT_VERSION = 1;
				DEVELOPMENT_TEAM = 52JKWH3ZS9;
				GENERATE_INFOPLIST_FILE = YES;
				MARKETING_VERSION = 1.0;
				PRODUCT_BUNDLE_IDENTIFIER = com.arnav.MonitorEventsUITests;
				PRODUCT_NAME = "$(TARGET_NAME)";
				SWIFT_EMIT_LOC_STRINGS = NO;
				SWIFT_VERSION = 5.0;
				TEST_TARGET_NAME = MonitorEvents;
			};
			name = Release;
		};
/* End XCBuildConfiguration section */

/* Begin XCConfigurationList section */
		479F041B2E069F4400D8FE1A /* Build configuration list for PBXProject "MonitorEvents" */ = {
			isa = XCConfigurationList;
			buildConfigurations = (
				479F04432E069F4800D8FE1A /* Debug */,
				479F04442E069F4800D8FE1A /* Release */,
			);
			defaultConfigurationIsVisible = 0;
			defaultConfigurationName = Release;
		};
		479F04452E069F4800D8FE1A /* Build configuration list for PBXNativeTarget "MonitorEvents" */ = {
			isa = XCConfigurationList;
			buildConfigurations = (
				479F04462E069F4800D8FE1A /* Debug */,
				479F04472E069F4800D8FE1A /* Release */,
			);
			defaultConfigurationIsVisible = 0;
			defaultConfigurationName = Release;
		};
		479F04482E069F4800D8FE1A /* Build configuration list for PBXNativeTarget "MonitorEventsTests" */ = {
			isa = XCConfigurationList;
			buildConfigurations = (
				479F04492E069F4800D8FE1A /* Debug */,
				479F044A2E069F4800D8FE1A /* Release */,
			);
			defaultConfigurationIsVisible = 0;
			defaultConfigurationName = Release;
		};
		479F044B2E069F4800D8FE1A /* Build configuration list for PBXNativeTarget "MonitorEventsUITests" */ = {
			isa = XCConfigurationList;
			buildConfigurations = (
				479F044C2E069F4800D8FE1A /* Debug */,
				479F044D2E069F4800D8FE1A /* Release */,
			);
			defaultConfigurationIsVisible = 0;
			defaultConfigurationName = Release;
		};
/* End XCConfigurationList section */
	};
	rootObject = 479F04182E069F4400D8FE1A /* Project object */;
}
